
Microsoft Visual Studio Solution File, Format Version 12.00
# Visual Studio Version 16
VisualStudioVersion = 16.0.29806.167
MinimumVisualStudioVersion = 10.0.40219.1
Project("{2150E333-8FDC-42A3-9474-1A3956D46DE8}") = "src", "src", "{2C4E5534-80F0-4E76-B006-9497579CF134}"
EndProject
Project("{2150E333-8FDC-42A3-9474-1A3956D46DE8}") = "tests", "tests", "{E85F092E-FF5E-42B0-A6FF-18A8EF6B1379}"
EndProject
Project("{2150E333-8FDC-42A3-9474-1A3956D46DE8}") = "server", "server", "{AFCB0CA7-1783-492F-BA01-BF100B868EFD}"
EndProject
Project("{2150E333-8FDC-42A3-9474-1A3956D46DE8}") = "client", "client", "{B3ABB2BA-B1A2-4489-A4EE-EB07EBA510EF}"
EndProject
Project("{9A19103F-16F7-4668-BE54-9A1E7A4F7556}") = "App.Business", "src\server\App.Business\App.Business.csproj", "{37CCFFED-6BF3-4F87-86C4-D46908587D79}"
EndProject
Project("{9A19103F-16F7-4668-BE54-9A1E7A4F7556}") = "App.Data.Context", "src\server\App.Data.Context\App.Data.Context.csproj", "{BD38EEC9-CFE2-4A1E-98EA-92CC860E0D33}"
EndProject
Project("{9A19103F-16F7-4668-BE54-9A1E7A4F7556}") = "App.Data.Repository", "src\server\App.Data.Repository\App.Data.Repository.csproj", "{68990147-A4F2-444D-A031-4E71F1E8EE9E}"
EndProject
Project("{9A19103F-16F7-4668-BE54-9A1E7A4F7556}") = "App.Web.Api", "src\server\App.Web.Api\App.Web.Api.csproj", "{8EEC5882-4410-4371-82C7-11A5F6091E54}"
EndProject
Project("{9A19103F-16F7-4668-BE54-9A1E7A4F7556}") = "App.Data.Context.Test", "tests\App.Data.Context.Test\App.Data.Context.Test.csproj", "{9150FB5C-FC37-4F2A-A0BD-9C62A433EE86}"
EndProject
Project("{FAE04EC0-301F-11D3-BF4B-00C04F79EFBC}") = "BlazorApp", "src\client\BlazorApp\BlazorApp.csproj", "{D807DFAD-9106-4B30-932A-79F5F466D4EF}"
EndProject
Project("{2150E333-8FDC-42A3-9474-1A3956D46DE8}") = "shared", "shared", "{76B20EAD-E5F1-4FE8-9025-F9E0170A35CE}"
EndProject
Project("{FAE04EC0-301F-11D3-BF4B-00C04F79EFBC}") = "App.Data.Entities.Shared", "src\shared\App.Data.Entities.Shared\App.Data.Entities.Shared.csproj", "{F6530B37-411F-4001-839F-8069132A9B73}"
EndProject
Global
	GlobalSection(SolutionConfigurationPlatforms) = preSolution
		Debug|Any CPU = Debug|Any CPU
		Release|Any CPU = Release|Any CPU
	EndGlobalSection
	GlobalSection(ProjectConfigurationPlatforms) = postSolution
		{37CCFFED-6BF3-4F87-86C4-D46908587D79}.Debug|Any CPU.ActiveCfg = Debug|Any CPU
		{37CCFFED-6BF3-4F87-86C4-D46908587D79}.Debug|Any CPU.Build.0 = Debug|Any CPU
		{37CCFFED-6BF3-4F87-86C4-D46908587D79}.Release|Any CPU.ActiveCfg = Release|Any CPU
		{37CCFFED-6BF3-4F87-86C4-D46908587D79}.Release|Any CPU.Build.0 = Release|Any CPU
		{BD38EEC9-CFE2-4A1E-98EA-92CC860E0D33}.Debug|Any CPU.ActiveCfg = Debug|Any CPU
		{BD38EEC9-CFE2-4A1E-98EA-92CC860E0D33}.Debug|Any CPU.Build.0 = Debug|Any CPU
		{BD38EEC9-CFE2-4A1E-98EA-92CC860E0D33}.Release|Any CPU.ActiveCfg = Release|Any CPU
		{BD38EEC9-CFE2-4A1E-98EA-92CC860E0D33}.Release|Any CPU.Build.0 = Release|Any CPU
		{68990147-A4F2-444D-A031-4E71F1E8EE9E}.Debug|Any CPU.ActiveCfg = Debug|Any CPU
		{68990147-A4F2-444D-A031-4E71F1E8EE9E}.Debug|Any CPU.Build.0 = Debug|Any CPU
		{68990147-A4F2-444D-A031-4E71F1E8EE9E}.Release|Any CPU.ActiveCfg = Release|Any CPU
		{68990147-A4F2-444D-A031-4E71F1E8EE9E}.Release|Any CPU.Build.0 = Release|Any CPU
		{8EEC5882-4410-4371-82C7-11A5F6091E54}.Debug|Any CPU.ActiveCfg = Debug|Any CPU
		{8EEC5882-4410-4371-82C7-11A5F6091E54}.Debug|Any CPU.Build.0 = Debug|Any CPU
		{8EEC5882-4410-4371-82C7-11A5F6091E54}.Release|Any CPU.ActiveCfg = Release|Any CPU
		{8EEC5882-4410-4371-82C7-11A5F6091E54}.Release|Any CPU.Build.0 = Release|Any CPU
		{9150FB5C-FC37-4F2A-A0BD-9C62A433EE86}.Debug|Any CPU.ActiveCfg = Debug|Any CPU
		{9150FB5C-FC37-4F2A-A0BD-9C62A433EE86}.Debug|Any CPU.Build.0 = Debug|Any CPU
		{9150FB5C-FC37-4F2A-A0BD-9C62A433EE86}.Release|Any CPU.ActiveCfg = Release|Any CPU
		{9150FB5C-FC37-4F2A-A0BD-9C62A433EE86}.Release|Any CPU.Build.0 = Release|Any CPU
		{D807DFAD-9106-4B30-932A-79F5F466D4EF}.Debug|Any CPU.ActiveCfg = Debug|Any CPU
		{D807DFAD-9106-4B30-932A-79F5F466D4EF}.Debug|Any CPU.Build.0 = Debug|Any CPU
		{D807DFAD-9106-4B30-932A-79F5F466D4EF}.Release|Any CPU.ActiveCfg = Release|Any CPU
		{D807DFAD-9106-4B30-932A-79F5F466D4EF}.Release|Any CPU.Build.0 = Release|Any CPU
		{F6530B37-411F-4001-839F-8069132A9B73}.Debug|Any CPU.ActiveCfg = Debug|Any CPU
		{F6530B37-411F-4001-839F-8069132A9B73}.Debug|Any CPU.Build.0 = Debug|Any CPU
		{F6530B37-411F-4001-839F-8069132A9B73}.Release|Any CPU.ActiveCfg = Release|Any CPU
		{F6530B37-411F-4001-839F-8069132A9B73}.Release|Any CPU.Build.0 = Release|Any CPU
	EndGlobalSection
	GlobalSection(SolutionProperties) = preSolution
		HideSolutionNode = FALSE
	EndGlobalSection
	GlobalSection(NestedProjects) = preSolution
		{AFCB0CA7-1783-492F-BA01-BF100B868EFD} = {2C4E5534-80F0-4E76-B006-9497579CF134}
		{B3ABB2BA-B1A2-4489-A4EE-EB07EBA510EF} = {2C4E5534-80F0-4E76-B006-9497579CF134}
		{37CCFFED-6BF3-4F87-86C4-D46908587D79} = {AFCB0CA7-1783-492F-BA01-BF100B868EFD}
		{BD38EEC9-CFE2-4A1E-98EA-92CC860E0D33} = {AFCB0CA7-1783-492F-BA01-BF100B868EFD}
		{68990147-A4F2-444D-A031-4E71F1E8EE9E} = {AFCB0CA7-1783-492F-BA01-BF100B868EFD}
		{8EEC5882-4410-4371-82C7-11A5F6091E54} = {AFCB0CA7-1783-492F-BA01-BF100B868EFD}
		{9150FB5C-FC37-4F2A-A0BD-9C62A433EE86} = {E85F092E-FF5E-42B0-A6FF-18A8EF6B1379}
		{D807DFAD-9106-4B30-932A-79F5F466D4EF} = {B3ABB2BA-B1A2-4489-A4EE-EB07EBA510EF}
		{76B20EAD-E5F1-4FE8-9025-F9E0170A35CE} = {2C4E5534-80F0-4E76-B006-9497579CF134}
		{F6530B37-411F-4001-839F-8069132A9B73} = {76B20EAD-E5F1-4FE8-9025-F9E0170A35CE}
	EndGlobalSection
	GlobalSection(ExtensibilityGlobals) = postSolution
		SolutionGuid = {7B65DACE-3E76-4273-A33E-C6CC57D047F6}
	EndGlobalSection
EndGlobal
